{
  "name": "matcaps",
  "version": "1.0.0",
  "lockfileVersion": 1,
  "requires": true,
  "dependencies": {
    "@babel/polyfill": {
      "version": "7.7.0",
      "resolved": "https://registry.npmjs.org/@babel/polyfill/-/polyfill-7.7.0.tgz",
      "integrity": "sha512-/TS23MVvo34dFmf8mwCisCbWGrfhbiWZSwBo6HkADTBhUa2Q/jWltyY/tpofz/b6/RIhqaqQcquptCirqIhOaQ==",
      "requires": {
        "core-js": "^2.6.5",
        "regenerator-runtime": "^0.13.2"
      }
    },
    "@jimp/bmp": {
      "version": "0.8.5",
      "resolved": "https://registry.npmjs.org/@jimp/bmp/-/bmp-0.8.5.tgz",
      "integrity": "sha512-o/23j1RODQGGjvb2xg+9ZQCHc9uXa5XIoJuXHN8kh8AJBGD7JZYiHMwNHaxJRJvadimCKUeA5udZUJAoaPwrYg==",
      "requires": {
        "@jimp/utils": "^0.8.5",
        "bmp-js": "^0.1.0",
        "core-js": "^2.5.7"
      }
    },
    "@jimp/core": {
      "version": "0.8.5",
      "resolved": "https://registry.npmjs.org/@jimp/core/-/core-0.8.5.tgz",
      "integrity": "sha512-Jto1IdL5HYg7uE15rpQjK6dfZJ6d6gRjUsVCPW50nIfXgWizaTibFEov90W9Bj+irwKrX2ntG3e3pZUyOC0COg==",
      "requires": {
        "@jimp/utils": "^0.8.5",
        "any-base": "^1.1.0",
        "buffer": "^5.2.0",
        "core-js": "^2.5.7",
        "exif-parser": "^0.1.12",
        "file-type": "^9.0.0",
        "load-bmfont": "^1.3.1",
        "mkdirp": "0.5.1",
        "phin": "^2.9.1",
        "pixelmatch": "^4.0.2",
        "tinycolor2": "^1.4.1"
      }
    },
    "@jimp/custom": {
      "version": "0.8.5",
      "resolved": "https://registry.npmjs.org/@jimp/custom/-/custom-0.8.5.tgz",
      "integrity": "sha512-hS4qHOcOIL+N93IprsIhFgr8F4XnC2oYd+lRaOKEOg3ptS2vQnceSTtcXsC0//mhq8AV6lNjpbfs1iseEZuTqg==",
      "requires": {
        "@jimp/core": "^0.8.5",
        "core-js": "^2.5.7"
      }
    },
    "@jimp/gif": {
      "version": "0.8.5",
      "resolved": "https://registry.npmjs.org/@jimp/gif/-/gif-0.8.5.tgz",
      "integrity": "sha512-Mj8jmv4AS76OY+Hx/Xoyihj02SUZ2ELk+O5x89pODz1+NeGtSWHHjZjnSam9HYAjycvVI/lGJdk/7w0nWIV/yQ==",
      "requires": {
        "@jimp/utils": "^0.8.5",
        "core-js": "^2.5.7",
        "omggif": "^1.0.9"
      }
    },
    "@jimp/jpeg": {
      "version": "0.8.5",
      "resolved": "https://registry.npmjs.org/@jimp/jpeg/-/jpeg-0.8.5.tgz",
      "integrity": "sha512-7kjTY0BiCpwRywk+oPfpLto7cLI+9G0mf4N1bv1Hn+VLQwcXFy2fHyl4qjqLbbY6u4cyZgqN+R8Pg6GRRzv0kw==",
      "requires": {
        "@jimp/utils": "^0.8.5",
        "core-js": "^2.5.7",
        "jpeg-js": "^0.3.4"
      }
    },
    "@jimp/plugin-blit": {
      "version": "0.8.5",
      "resolved": "https://registry.npmjs.org/@jimp/plugin-blit/-/plugin-blit-0.8.5.tgz",
      "integrity": "sha512-r8Z1CwazaJwZCRbucQgrfprlGyH91tX7GubUsbWr+zy5/dRJAAgaPj/hcoHDwbh3zyiXp5BECKKzKW0x4reL4w==",
      "requires": {
        "@jimp/utils": "^0.8.5",
        "core-js": "^2.5.7"
      }
    },
    "@jimp/plugin-blur": {
      "version": "0.8.5",
      "resolved": "https://registry.npmjs.org/@jimp/plugin-blur/-/plugin-blur-0.8.5.tgz",
      "integrity": "sha512-UH5ywpV4YooUh9HXEsrNKDtojLCvIAAV0gywqn8EQeFyzwBJyXAvRNARJp7zr5OPLr9uGXkRLDCO9YyzdlXZng==",
      "requires": {
        "@jimp/utils": "^0.8.5",
        "core-js": "^2.5.7"
      }
    },
    "@jimp/plugin-circle": {
      "version": "0.8.5",
      "resolved": "https://registry.npmjs.org/@jimp/plugin-circle/-/plugin-circle-0.8.5.tgz",
      "integrity": "sha512-Rng1RW0JiZhDLYQvMhR+YSpizFbx39biqMP51Ajrk8UD/A4uZOAqxgm3e4qbsoawl9t3JexxDsMZCwk+PHYumw==",
      "requires": {
        "@jimp/utils": "^0.8.5",
        "core-js": "^2.5.7"
      }
    },
    "@jimp/plugin-color": {
      "version": "0.8.5",
      "resolved": "https://registry.npmjs.org/@jimp/plugin-color/-/plugin-color-0.8.5.tgz",
      "integrity": "sha512-7XHqcTQ8Y1zto1b9P1y8m1dzSjnOpBsD9OZG0beTpeJ5bgPX+hF5ZLmvcM6c5ljkINw5EUF1it07BYbkCxiGQA==",
      "requires": {
        "@jimp/utils": "^0.8.5",
        "core-js": "^2.5.7",
        "tinycolor2": "^1.4.1"
      }
    },
    "@jimp/plugin-contain": {
      "version": "0.8.5",
      "resolved": "https://registry.npmjs.org/@jimp/plugin-contain/-/plugin-contain-0.8.5.tgz",
      "integrity": "sha512-ZkiPFx9L0yITiKtYTYLWyBsSIdxo/NARhNPRZXyVF9HmTWSLDUw1c2c1uvETKxDZTAVK+souYT14DwFWWdhsYA==",
      "requires": {
        "@jimp/utils": "^0.8.5",
        "core-js": "^2.5.7"
      }
    },
    "@jimp/plugin-cover": {
      "version": "0.8.5",
      "resolved": "https://registry.npmjs.org/@jimp/plugin-cover/-/plugin-cover-0.8.5.tgz",
      "integrity": "sha512-OdT4YAopLOhbhTUQV3R1v5ZZqIaUt3n3vJi/OfTbsak1t9UkPBVdmYPyhoont8zJdtdkF5dW16Ro1FTshytcww==",
      "requires": {
        "@jimp/utils": "^0.8.5",
        "core-js": "^2.5.7"
      }
    },
    "@jimp/plugin-crop": {
      "version": "0.8.5",
      "resolved": "https://registry.npmjs.org/@jimp/plugin-crop/-/plugin-crop-0.8.5.tgz",
      "integrity": "sha512-E1Hb+gfu2k74Gkqh96apAyVljsP5MjCH4TY6lECAAEcYKGH/XRhz6lY2dSEjCYE7KtiqjTZzWwYkgAvkwojj9Q==",
      "requires": {
        "@jimp/utils": "^0.8.5",
        "core-js": "^2.5.7"
      }
    },
    "@jimp/plugin-displace": {
      "version": "0.8.5",
      "resolved": "https://registry.npmjs.org/@jimp/plugin-displace/-/plugin-displace-0.8.5.tgz",
      "integrity": "sha512-fVgVYTS1HZzAXkg8Lg06PuirSUG5oXYaYYGL+3ZU4tmZn1pyZ+mZyfejpwtymETEYZnmymHoCT4xto19E/IRvA==",
      "requires": {
        "@jimp/utils": "^0.8.5",
        "core-js": "^2.5.7"
      }
    },
    "@jimp/plugin-dither": {
      "version": "0.8.5",
      "resolved": "https://registry.npmjs.org/@jimp/plugin-dither/-/plugin-dither-0.8.5.tgz",
      "integrity": "sha512-KSj2y8E3yK7tldjT/8ejqAWw5HFBjtWW6QkcxfW7FdV4c/nsXZXDkMbhqMZ7FkDuSYoAPeWUFeddrH4yipC5iA==",
      "requires": {
        "@jimp/utils": "^0.8.5",
        "core-js": "^2.5.7"
      }
    },
    "@jimp/plugin-flip": {
      "version": "0.8.5",
      "resolved": "https://registry.npmjs.org/@jimp/plugin-flip/-/plugin-flip-0.8.5.tgz",
      "integrity": "sha512-2QbGDkurPNAXZUeHLo/UA3tjh+AbAXWZKSdtoa1ArlASovRz8rqtA45YIRIkKrMH82TA3PZk8bgP2jaLKLrzww==",
      "requires": {
        "@jimp/utils": "^0.8.5",
        "core-js": "^2.5.7"
      }
    },
    "@jimp/plugin-gaussian": {
      "version": "0.8.5",
      "resolved": "https://registry.npmjs.org/@jimp/plugin-gaussian/-/plugin-gaussian-0.8.5.tgz",
      "integrity": "sha512-2zReC5GJcVAXtf3UgzFcHSYN277i02K9Yrhc1xJf3mti00s43uD++B5Ho7/mIo+HrntVvWhxqar7PARdq0lVIg==",
      "requires": {
        "@jimp/utils": "^0.8.5",
        "core-js": "^2.5.7"
      }
    },
    "@jimp/plugin-invert": {
      "version": "0.8.5",
      "resolved": "https://registry.npmjs.org/@jimp/plugin-invert/-/plugin-invert-0.8.5.tgz",
      "integrity": "sha512-GyMXPGheHdS14xfDceuZ9hrGm6gE9UG3PfTEjQbJmHMWippLC6yf8kombSudJlUf8q72YYSSXsSFKGgkHa67vA==",
      "requires": {
        "@jimp/utils": "^0.8.5",
        "core-js": "^2.5.7"
      }
    },
    "@jimp/plugin-mask": {
      "version": "0.8.5",
      "resolved": "https://registry.npmjs.org/@jimp/plugin-mask/-/plugin-mask-0.8.5.tgz",
      "integrity": "sha512-inD/++XO+MkmwXl9JGYQ8X2deyOZuq9i+dmugH/557p16B9Q6tvUQt5X1Yg5w7hhkLZ00BKOAJI9XoyCC1NFvQ==",
      "requires": {
        "@jimp/utils": "^0.8.5",
        "core-js": "^2.5.7"
      }
    },
    "@jimp/plugin-normalize": {
      "version": "0.8.5",
      "resolved": "https://registry.npmjs.org/@jimp/plugin-normalize/-/plugin-normalize-0.8.5.tgz",
      "integrity": "sha512-8YRWJWBT4NoSAbPhnjQJXGeaeWVrJAlGDv39A54oNH8Ry47fHcE0EN6zogQNpBuM34M6hRnZl4rOv1FIisaWdg==",
      "requires": {
        "@jimp/utils": "^0.8.5",
        "core-js": "^2.5.7"
      }
    },
    "@jimp/plugin-print": {
      "version": "0.8.5",
      "resolved": "https://registry.npmjs.org/@jimp/plugin-print/-/plugin-print-0.8.5.tgz",
      "integrity": "sha512-BviNpCiA/fEieOqsrWr1FkqyFuiG2izdyyg7zUqyeUTHPwqrTLvXO9cfP/ThG4hZpu5wMQ5QClWSqhZu1fAwxA==",
      "requires": {
        "@jimp/utils": "^0.8.5",
        "core-js": "^2.5.7",
        "load-bmfont": "^1.4.0"
      }
    },
    "@jimp/plugin-resize": {
      "version": "0.8.5",
      "resolved": "https://registry.npmjs.org/@jimp/plugin-resize/-/plugin-resize-0.8.5.tgz",
      "integrity": "sha512-gIdmISuNmZQ1QwprnRC5VXVWQfKIiWineVQGebpMAG/aoFOLDXrVl939Irg7Fb/uOlSFTzpAbt1zpJ8YG/Mi2w==",
      "requires": {
        "@jimp/utils": "^0.8.5",
        "core-js": "^2.5.7"
      }
    },
    "@jimp/plugin-rotate": {
      "version": "0.8.5",
      "resolved": "https://registry.npmjs.org/@jimp/plugin-rotate/-/plugin-rotate-0.8.5.tgz",
      "integrity": "sha512-8T9wnL3gb+Z0ogMZmtyI6h3y7TuqW2a5SpFbzFUVF+lTZoAabXjEfX3CAozizCLaT+Duc5H2FJVemAHiyr+Dbw==",
      "requires": {
        "@jimp/utils": "^0.8.5",
        "core-js": "^2.5.7"
      }
    },
    "@jimp/plugin-scale": {
      "version": "0.8.5",
      "resolved": "https://registry.npmjs.org/@jimp/plugin-scale/-/plugin-scale-0.8.5.tgz",
      "integrity": "sha512-G+CDH9s7BsxJ4b+mKZ5SsiXwTAynBJ+7/9SwZFnICZJJvLd79Tws6VPXfSaKJZuWnGIX++L8jTGmFORCfLNkdg==",
      "requires": {
        "@jimp/utils": "^0.8.5",
        "core-js": "^2.5.7"
      }
    },
    "@jimp/plugins": {
      "version": "0.8.5",
      "resolved": "https://registry.npmjs.org/@jimp/plugins/-/plugins-0.8.5.tgz",
      "integrity": "sha512-52na0wqfQ3uItIA+C9cJ1EXffhSmABgK7ETClDseUh9oGtynHzxZ97smnFf1ydLjXLrF89Gt+YBxWLyiBGgiZQ==",
      "requires": {
        "@jimp/plugin-blit": "^0.8.5",
        "@jimp/plugin-blur": "^0.8.5",
        "@jimp/plugin-color": "^0.8.5",
        "@jimp/plugin-contain": "^0.8.5",
        "@jimp/plugin-cover": "^0.8.5",
        "@jimp/plugin-crop": "^0.8.5",
        "@jimp/plugin-displace": "^0.8.5",
        "@jimp/plugin-dither": "^0.8.5",
        "@jimp/plugin-flip": "^0.8.5",
        "@jimp/plugin-gaussian": "^0.8.5",
        "@jimp/plugin-invert": "^0.8.5",
        "@jimp/plugin-mask": "^0.8.5",
        "@jimp/plugin-normalize": "^0.8.5",
        "@jimp/plugin-print": "^0.8.5",
        "@jimp/plugin-resize": "^0.8.5",
        "@jimp/plugin-rotate": "^0.8.5",
        "@jimp/plugin-scale": "^0.8.5",
        "core-js": "^2.5.7",
        "timm": "^1.6.1"
      }
    },
    "@jimp/png": {
      "version": "0.8.5",
      "resolved": "https://registry.npmjs.org/@jimp/png/-/png-0.8.5.tgz",
      "integrity": "sha512-zT89ucu8I2rsD3FIMIPLgr1OyKn4neD+5umwD3MY8AOB8+6tX5bFtnmTm3FzGJaJuibkK0wFl87eiaxnb+Megw==",
      "requires": {
        "@jimp/utils": "^0.8.5",
        "core-js": "^2.5.7",
        "pngjs": "^3.3.3"
      }
    },
    "@jimp/tiff": {
      "version": "0.8.5",
      "resolved": "https://registry.npmjs.org/@jimp/tiff/-/tiff-0.8.5.tgz",
      "integrity": "sha512-Z7uzDcbHuwDg+hy2+UJQ2s5O6sqYXmv6H1fmSf/2dxBrlGMzl8yTc2/BxLrGREeoidDDMcKmXYGAOp4uCsdJjw==",
      "requires": {
        "core-js": "^2.5.7",
        "utif": "^2.0.1"
      }
    },
    "@jimp/types": {
      "version": "0.8.5",
      "resolved": "https://registry.npmjs.org/@jimp/types/-/types-0.8.5.tgz",
      "integrity": "sha512-XUvpyebZGd1vyFiJyxUT4H9A3mKD7MV2MxjXnay3fNTrcow0UJJspmFw/w+G3TP/1dgrVC4K++gntjR6QWTzvg==",
      "requires": {
        "@jimp/bmp": "^0.8.5",
        "@jimp/gif": "^0.8.5",
        "@jimp/jpeg": "^0.8.5",
        "@jimp/png": "^0.8.5",
        "@jimp/tiff": "^0.8.5",
        "core-js": "^2.5.7",
        "timm": "^1.6.1"
      }
    },
    "@jimp/utils": {
      "version": "0.8.5",
      "resolved": "https://registry.npmjs.org/@jimp/utils/-/utils-0.8.5.tgz",
      "integrity": "sha512-D3+H4BiopDkhUKvKkZTPPJ53voqOkfMuk3r7YZNcLtXGLkchjjukC4056lNo7B0DzjBgowTYsQM3JjKnYNIYeg==",
      "requires": {
        "core-js": "^2.5.7"
      }
    },
    "@types/lodash": {
      "version": "4.14.149",
      "resolved": "https://registry.npmjs.org/@types/lodash/-/lodash-4.14.149.tgz",
      "integrity": "sha512-ijGqzZt/b7BfzcK9vTrS6MFljQRPn5BFWOx8oE0GYxribu6uV+aA9zZuXI1zc/etK9E8nrgdoF2+LgUw7+9tJQ=="
    },
    "@types/node": {
      "version": "10.17.5",
      "resolved": "https://registry.npmjs.org/@types/node/-/node-10.17.5.tgz",
      "integrity": "sha512-RElZIr/7JreF1eY6oD5RF3kpmdcreuQPjg5ri4oQ5g9sq7YWU8HkfB3eH8GwAwxf5OaCh0VPi7r4N/yoTGelrA=="
    },
    "any-base": {
      "version": "1.1.0",
      "resolved": "https://registry.npmjs.org/any-base/-/any-base-1.1.0.tgz",
      "integrity": "sha512-uMgjozySS8adZZYePpaWs8cxB9/kdzmpX6SgJZ+wbz1K5eYk5QMYDVJaZKhxyIHUdnnJkfR7SVgStgH7LkGUyg=="
    },
    "base64-js": {
      "version": "1.3.1",
      "resolved": "https://registry.npmjs.org/base64-js/-/base64-js-1.3.1.tgz",
      "integrity": "sha512-mLQ4i2QO1ytvGWFWmcngKO//JXAQueZvwEKtjgQFM4jIK0kU+ytMfplL8j+n5mspOfjHwoAg+9yhb7BwAHm36g=="
    },
    "bmp-js": {
      "version": "0.1.0",
      "resolved": "https://registry.npmjs.org/bmp-js/-/bmp-js-0.1.0.tgz",
      "integrity": "sha1-4Fpj95amwf8l9Hcex62twUjAcjM="
    },
    "buffer": {
      "version": "5.4.3",
      "resolved": "https://registry.npmjs.org/buffer/-/buffer-5.4.3.tgz",
      "integrity": "sha512-zvj65TkFeIt3i6aj5bIvJDzjjQQGs4o/sNoezg1F1kYap9Nu2jcUdpwzRSJTHMMzG0H7bZkn4rNQpImhuxWX2A==",
      "requires": {
        "base64-js": "^1.0.2",
        "ieee754": "^1.1.4"
      }
    },
    "buffer-equal": {
      "version": "0.0.1",
      "resolved": "https://registry.npmjs.org/buffer-equal/-/buffer-equal-0.0.1.tgz",
      "integrity": "sha1-kbx0sR6kBbyRa8aqkI+q+ltKrEs="
    },
    "core-js": {
      "version": "2.6.10",
      "resolved": "https://registry.npmjs.org/core-js/-/core-js-2.6.10.tgz",
      "integrity": "sha512-I39t74+4t+zau64EN1fE5v2W31Adtc/REhzWN+gWRRXg6WH5qAsZm62DHpQ1+Yhe4047T55jvzz7MUqF/dBBlA=="
    },
    "define-properties": {
      "version": "1.1.3",
      "resolved": "https://registry.npmjs.org/define-properties/-/define-properties-1.1.3.tgz",
      "integrity": "sha512-3MqfYKj2lLzdMSf8ZIZE/V+Zuy+BgD6f164e8K2w7dgnpKArBDerGYpM46IYYcjnkdPNMjPk9A6VFB8+3SKlXQ==",
      "requires": {
        "object-keys": "^1.0.12"
      }
    },
    "dom-walk": {
      "version": "0.1.1",
      "resolved": "https://registry.npmjs.org/dom-walk/-/dom-walk-0.1.1.tgz",
      "integrity": "sha1-ZyIm3HTI95mtNTB9+TaroRrNYBg="
    },
    "es-abstract": {
      "version": "1.16.0",
      "resolved": "https://registry.npmjs.org/es-abstract/-/es-abstract-1.16.0.tgz",
      "integrity": "sha512-xdQnfykZ9JMEiasTAJZJdMWCQ1Vm00NBw79/AWi7ELfZuuPCSOMDZbT9mkOfSctVtfhb+sAAzrm+j//GjjLHLg==",
      "requires": {
        "es-to-primitive": "^1.2.0",
        "function-bind": "^1.1.1",
        "has": "^1.0.3",
        "has-symbols": "^1.0.0",
        "is-callable": "^1.1.4",
        "is-regex": "^1.0.4",
        "object-inspect": "^1.6.0",
        "object-keys": "^1.1.1",
        "string.prototype.trimleft": "^2.1.0",
        "string.prototype.trimright": "^2.1.0"
      }
    },
    "es-to-primitive": {
      "version": "1.2.1",
      "resolved": "https://registry.npmjs.org/es-to-primitive/-/es-to-primitive-1.2.1.tgz",
      "integrity": "sha512-QCOllgZJtaUo9miYBcLChTUaHNjJF3PYs1VidD7AwiEj1kYxKeQTctLAezAOH5ZKRH0g2IgPn6KwB4IT8iRpvA==",
      "requires": {
        "is-callable": "^1.1.4",
        "is-date-object": "^1.0.1",
        "is-symbol": "^1.0.2"
      }
    },
    "exif-parser": {
      "version": "0.1.12",
      "resolved": "https://registry.npmjs.org/exif-parser/-/exif-parser-0.1.12.tgz",
      "integrity": "sha1-WKnS1ywCwfbwKg70qRZicrd2CSI="
    },
    "file-type": {
      "version": "9.0.0",
      "resolved": "https://registry.npmjs.org/file-type/-/file-type-9.0.0.tgz",
      "integrity": "sha512-Qe/5NJrgIOlwijpq3B7BEpzPFcgzggOTagZmkXQY4LA6bsXKTUstK7Wp12lEJ/mLKTpvIZxmIuRcLYWT6ov9lw=="
    },
    "function-bind": {
      "version": "1.1.1",
      "resolved": "https://registry.npmjs.org/function-bind/-/function-bind-1.1.1.tgz",
      "integrity": "sha512-yIovAzMX49sF8Yl58fSCWJ5svSLuaibPxXQJFLmBObTuCr0Mf1KiPopGM9NiFjiYBCbfaa2Fh6breQ6ANVTI0A=="
    },
    "global": {
      "version": "4.3.2",
      "resolved": "https://registry.npmjs.org/global/-/global-4.3.2.tgz",
      "integrity": "sha1-52mJJopsdMOJCLEwWxD8DjlOnQ8=",
      "requires": {
        "min-document": "^2.19.0",
        "process": "~0.5.1"
      }
    },
    "has": {
      "version": "1.0.3",
      "resolved": "https://registry.npmjs.org/has/-/has-1.0.3.tgz",
      "integrity": "sha512-f2dvO0VU6Oej7RkWJGrehjbzMAjFp5/VKPp5tTpWIV4JHHZK1/BxbFRtf/siA2SWTe09caDmVtYYzWEIbBS4zw==",
      "requires": {
        "function-bind": "^1.1.1"
      }
    },
    "has-symbols": {
      "version": "1.0.1",
      "resolved": "https://registry.npmjs.org/has-symbols/-/has-symbols-1.0.1.tgz",
      "integrity": "sha512-PLcsoqu++dmEIZB+6totNFKq/7Do+Z0u4oT0zKOJNl3lYK6vGwwu2hjHs+68OEZbTjiUE9bgOABXbP/GvrS0Kg=="
    },
    "ieee754": {
      "version": "1.1.13",
      "resolved": "https://registry.npmjs.org/ieee754/-/ieee754-1.1.13.tgz",
      "integrity": "sha512-4vf7I2LYV/HaWerSo3XmlMkp5eZ83i+/CDluXi/IGTs/O1sejBNhTtnxzmRZfvOUqj7lZjqHkeTvpgSFDlWZTg=="
    },
    "is-callable": {
      "version": "1.1.4",
      "resolved": "https://registry.npmjs.org/is-callable/-/is-callable-1.1.4.tgz",
      "integrity": "sha512-r5p9sxJjYnArLjObpjA4xu5EKI3CuKHkJXMhT7kwbpUyIFD1n5PMAsoPvWnvtZiNz7LjkYDRZhd7FlI0eMijEA=="
    },
    "is-date-object": {
      "version": "1.0.1",
      "resolved": "https://registry.npmjs.org/is-date-object/-/is-date-object-1.0.1.tgz",
      "integrity": "sha1-mqIOtq7rv/d/vTPnTKAbM1gdOhY="
    },
    "is-function": {
      "version": "1.0.1",
      "resolved": "https://registry.npmjs.org/is-function/-/is-function-1.0.1.tgz",
      "integrity": "sha1-Es+5i2W1fdPRk6MSH19uL0N2ArU="
    },
    "is-regex": {
      "version": "1.0.4",
      "resolved": "https://registry.npmjs.org/is-regex/-/is-regex-1.0.4.tgz",
      "integrity": "sha1-VRdIm1RwkbCTDglWVM7SXul+lJE=",
      "requires": {
        "has": "^1.0.1"
      }
    },
    "is-symbol": {
      "version": "1.0.3",
      "resolved": "https://registry.npmjs.org/is-symbol/-/is-symbol-1.0.3.tgz",
      "integrity": "sha512-OwijhaRSgqvhm/0ZdAcXNZt9lYdKFpcRDT5ULUuYXPoT794UNOdU+gpT6Rzo7b4V2HUl/op6GqY894AZwv9faQ==",
      "requires": {
        "has-symbols": "^1.0.1"
      }
    },
    "jimp": {
      "version": "0.8.5",
      "resolved": "https://registry.npmjs.org/jimp/-/jimp-0.8.5.tgz",
      "integrity": "sha512-BW7t/+TCgKpqZw/wHFwqF/A/Tyk43RmzRHyMBdqfOepqunUrajt0RTqowdWyFo4CS2FmD8pFiYfefWjpXFWrCA==",
      "requires": {
        "@jimp/custom": "^0.8.5",
        "@jimp/plugins": "^0.8.5",
        "@jimp/types": "^0.8.5",
        "core-js": "^2.5.7",
        "regenerator-runtime": "^0.13.3"
      }
    },
    "jpeg-js": {
      "version": "0.3.6",
      "resolved": "https://registry.npmjs.org/jpeg-js/-/jpeg-js-0.3.6.tgz",
      "integrity": "sha512-MUj2XlMB8kpe+8DJUGH/3UJm4XpI8XEgZQ+CiHDeyrGoKPdW/8FJv6ku+3UiYm5Fz3CWaL+iXmD8Q4Ap6aC1Jw=="
    },
    "load-bmfont": {
      "version": "1.4.0",
      "resolved": "https://registry.npmjs.org/load-bmfont/-/load-bmfont-1.4.0.tgz",
      "integrity": "sha512-kT63aTAlNhZARowaNYcY29Fn/QYkc52M3l6V1ifRcPewg2lvUZDAj7R6dXjOL9D0sict76op3T5+odumDSF81g==",
      "requires": {
        "buffer-equal": "0.0.1",
        "mime": "^1.3.4",
        "parse-bmfont-ascii": "^1.0.3",
        "parse-bmfont-binary": "^1.0.5",
        "parse-bmfont-xml": "^1.1.4",
        "phin": "^2.9.1",
        "xhr": "^2.0.1",
        "xtend": "^4.0.0"
      }
    },
    "lodash": {
      "version": "4.17.15",
      "resolved": "https://registry.npmjs.org/lodash/-/lodash-4.17.15.tgz",
      "integrity": "sha512-8xOcRHvCjnocdS5cpwXQXVzmmh5e5+saE2QGoeQmbKmRS6J3VQppPOIt0MnmE+4xlZoumy0GPG0D0MVIQbNA1A=="
    },
    "mime": {
      "version": "1.6.0",
      "resolved": "https://registry.npmjs.org/mime/-/mime-1.6.0.tgz",
      "integrity": "sha512-x0Vn8spI+wuJ1O6S7gnbaQg8Pxh4NNHb7KSINmEWKiPE4RKOplvijn+NkmYmmRgP68mc70j2EbeTFRsrswaQeg=="
    },
    "min-document": {
      "version": "2.19.0",
      "resolved": "https://registry.npmjs.org/min-document/-/min-document-2.19.0.tgz",
      "integrity": "sha1-e9KC4/WELtKVu3SM3Z8f+iyCRoU=",
      "requires": {
        "dom-walk": "^0.1.0"
      }
    },
    "minimist": {
      "version": "0.0.8",
      "resolved": "https://registry.npmjs.org/minimist/-/minimist-0.0.8.tgz",
      "integrity": "sha1-hX/Kv8M5fSYluCKCYuhqp6ARsF0="
    },
    "mkdirp": {
      "version": "0.5.1",
      "resolved": "https://registry.npmjs.org/mkdirp/-/mkdirp-0.5.1.tgz",
      "integrity": "sha1-MAV0OOrGz3+MR2fzhkjWaX11yQM=",
      "requires": {
        "minimist": "0.0.8"
      }
    },
    "node-vibrant": {
      "version": "3.1.4",
      "resolved": "https://registry.npmjs.org/node-vibrant/-/node-vibrant-3.1.4.tgz",
      "integrity": "sha512-6z33ItA+hKW96kV/qRxxJraHlLacB0vlGW8QKKbYYIiMs0pZxeMNl2iEnR6ZepqD86PnmWCnKGHxzndBaZoc8g==",
      "requires": {
        "@types/lodash": "^4.14.53",
        "@types/node": "^10.11.7",
        "jimp": "^0.5.4",
        "lodash": "^4.17.4",
        "url": "^0.11.0"
      },
      "dependencies": {
        "@jimp/bmp": {
          "version": "0.5.4",
          "resolved": "https://registry.npmjs.org/@jimp/bmp/-/bmp-0.5.4.tgz",
          "integrity": "sha512-P/ezH1FuoM3FwS0Dm2ZGkph4x5/rPBzFLEZor7KQkmGUnYEIEG4o0BUcAWFmJOp2HgzbT6O2SfrpJNBOcVACzQ==",
          "requires": {
            "@jimp/utils": "^0.5.0",
            "bmp-js": "^0.1.0",
            "core-js": "^2.5.7"
          }
        },
        "@jimp/core": {
          "version": "0.5.4",
          "resolved": "https://registry.npmjs.org/@jimp/core/-/core-0.5.4.tgz",
          "integrity": "sha512-n3uvHy2ndUKItmbhnRO8xmU8J6KR+v6CQxO9sbeUDpSc3VXc1PkqrA8ZsCVFCjnDFcGBXL+MJeCTyQzq5W9Crw==",
          "requires": {
            "@jimp/utils": "^0.5.0",
            "any-base": "^1.1.0",
            "buffer": "^5.2.0",
            "core-js": "^2.5.7",
            "exif-parser": "^0.1.12",
            "file-type": "^9.0.0",
            "load-bmfont": "^1.3.1",
            "mkdirp": "0.5.1",
            "phin": "^2.9.1",
            "pixelmatch": "^4.0.2",
            "tinycolor2": "^1.4.1"
          }
        },
        "@jimp/custom": {
          "version": "0.5.4",
          "resolved": "https://registry.npmjs.org/@jimp/custom/-/custom-0.5.4.tgz",
          "integrity": "sha512-tLfyJoyouDl2J3RPFGfDzTtE+4S8ljqJUmLzy/cmx1n7+xS5TpLPdPskp7UaeAfNTqdF4CNAm94KYoxTZdj2mg==",
          "requires": {
            "@jimp/core": "^0.5.4",
            "core-js": "^2.5.7"
          }
        },
        "@jimp/gif": {
          "version": "0.5.0",
          "resolved": "https://registry.npmjs.org/@jimp/gif/-/gif-0.5.0.tgz",
          "integrity": "sha512-HVB4c7b8r/yCpjhCjVNPRFLuujTav5UPmcQcFJjU6aIxmne6e29rAjRJEv3UMamHDGSu/96PzOsPZBO5U+ZGww==",
          "requires": {
            "@jimp/utils": "^0.5.0",
            "core-js": "^2.5.7",
            "omggif": "^1.0.9"
          }
        },
        "@jimp/jpeg": {
          "version": "0.5.4",
          "resolved": "https://registry.npmjs.org/@jimp/jpeg/-/jpeg-0.5.4.tgz",
          "integrity": "sha512-YaPWm+YSGCThNE/jLMckM3Qs6uaMxd/VsHOnEaqu5tGA4GFbfVaWHjKqkNGAFuiNV+HdgKlNcCOF3of+elvzqQ==",
          "requires": {
            "@jimp/utils": "^0.5.0",
            "core-js": "^2.5.7",
            "jpeg-js": "^0.3.4"
          }
        },
        "@jimp/plugin-blit": {
          "version": "0.5.4",
          "resolved": "https://registry.npmjs.org/@jimp/plugin-blit/-/plugin-blit-0.5.4.tgz",
          "integrity": "sha512-WqDYOugv76hF1wnKy7+xPGf9PUbcm9vPW28/jHWn1hjbb2GnusJ2fVEFad76J/1SPfhrQ2Uebf2QCWJuLmOqZg==",
          "requires": {
            "@jimp/utils": "^0.5.0",
            "core-js": "^2.5.7"
          }
        },
        "@jimp/plugin-blur": {
          "version": "0.5.0",
          "resolved": "https://registry.npmjs.org/@jimp/plugin-blur/-/plugin-blur-0.5.0.tgz",
          "integrity": "sha512-5k0PXCA1RTJdITL7yMAyZ5tGQjKLHqFvwdXj/PCoBo5PuMyr0x6qfxmQEySixGk/ZHdDxMi80vYxHdKHjNNgjg==",
          "requires": {
            "@jimp/utils": "^0.5.0",
            "core-js": "^2.5.7"
          }
        },
        "@jimp/plugin-color": {
          "version": "0.5.5",
          "resolved": "https://registry.npmjs.org/@jimp/plugin-color/-/plugin-color-0.5.5.tgz",
          "integrity": "sha512-hWeOqNCmLguGYLhSvBrpfCvlijsMEVaLZAOod62s1rzWnujozyKOzm2eZe+W3To6mHbp5RGJNVrIwHBWMab4ug==",
          "requires": {
            "@jimp/utils": "^0.5.0",
            "core-js": "^2.5.7",
            "tinycolor2": "^1.4.1"
          }
        },
        "@jimp/plugin-contain": {
          "version": "0.5.4",
          "resolved": "https://registry.npmjs.org/@jimp/plugin-contain/-/plugin-contain-0.5.4.tgz",
          "integrity": "sha512-8YJh4FI3S69unri0nJsWeqVLeVGA77N2R0Ws16iSuCCD/5UnWd9FeWRrSbKuidBG6TdMBaG2KUqSYZeHeH9GOQ==",
          "requires": {
            "@jimp/utils": "^0.5.0",
            "core-js": "^2.5.7"
          }
        },
        "@jimp/plugin-cover": {
          "version": "0.5.4",
          "resolved": "https://registry.npmjs.org/@jimp/plugin-cover/-/plugin-cover-0.5.4.tgz",
          "integrity": "sha512-2Rur7b44WiDDgizUI2M2uYWc1RmfhU5KjKS1xXruobjQ0tXkf5xlrPXSushq0hB6Ne0Ss6wv0+/6eQ8WeGHU2w==",
          "requires": {
            "@jimp/utils": "^0.5.0",
            "core-js": "^2.5.7"
          }
        },
        "@jimp/plugin-crop": {
          "version": "0.5.4",
          "resolved": "https://registry.npmjs.org/@jimp/plugin-crop/-/plugin-crop-0.5.4.tgz",
          "integrity": "sha512-6t0rqn4VazquGk48tO6hFBrQ+nkvC+A1RnR6UM/m8ZtG2/yjpwF0MXcpgJI1Fb+a4Ug7BY1fu2GPcZOhnAVK/g==",
          "requires": {
            "@jimp/utils": "^0.5.0",
            "core-js": "^2.5.7"
          }
        },
        "@jimp/plugin-displace": {
          "version": "0.5.0",
          "resolved": "https://registry.npmjs.org/@jimp/plugin-displace/-/plugin-displace-0.5.0.tgz",
          "integrity": "sha512-Bec7SQvnmKia4hOXEDjeNVx7vo/1bWqjuV6NO8xbNQcAO3gaCl91c9FjMDhsfAVb0Ou6imhbIuFPrLxorXsecQ==",
          "requires": {
            "@jimp/utils": "^0.5.0",
            "core-js": "^2.5.7"
          }
        },
        "@jimp/plugin-dither": {
          "version": "0.5.0",
          "resolved": "https://registry.npmjs.org/@jimp/plugin-dither/-/plugin-dither-0.5.0.tgz",
          "integrity": "sha512-We2WJQsD/Lm8oqBFp/vUv9/5r2avyenL+wNNu/s2b1HqA5O4sPGrjHy9K6vIov0NroQGCQ3bNznLkTmjiHKBcg==",
          "requires": {
            "@jimp/utils": "^0.5.0",
            "core-js": "^2.5.7"
          }
        },
        "@jimp/plugin-flip": {
          "version": "0.5.0",
          "resolved": "https://registry.npmjs.org/@jimp/plugin-flip/-/plugin-flip-0.5.0.tgz",
          "integrity": "sha512-D/ehBQxLMNR7oNd80KXo4tnSET5zEm5mR70khYOTtTlfti/DlLp3qOdjPOzfLyAdqO7Ly4qCaXrIsnia+pfPrA==",
          "requires": {
            "@jimp/utils": "^0.5.0",
            "core-js": "^2.5.7"
          }
        },
        "@jimp/plugin-gaussian": {
          "version": "0.5.0",
          "resolved": "https://registry.npmjs.org/@jimp/plugin-gaussian/-/plugin-gaussian-0.5.0.tgz",
          "integrity": "sha512-Ln4kgxblv0/YzLBDb/J8DYPLhDzKH87Y8yHh5UKv3H+LPKnLaEG3L4iKTE9ivvdocnjmrtTFMYcWv2ERSPeHcg==",
          "requires": {
            "@jimp/utils": "^0.5.0",
            "core-js": "^2.5.7"
          }
        },
        "@jimp/plugin-invert": {
          "version": "0.5.0",
          "resolved": "https://registry.npmjs.org/@jimp/plugin-invert/-/plugin-invert-0.5.0.tgz",
          "integrity": "sha512-/vyKeIi3T7puf+8ruWovTjzDC585EnTwJ+lGOOUYiNPsdn4JDFe1B3xd+Ayv9aCQbXDIlPElZaM9vd/+wqDiIQ==",
          "requires": {
            "@jimp/utils": "^0.5.0",
            "core-js": "^2.5.7"
          }
        },
        "@jimp/plugin-mask": {
          "version": "0.5.4",
          "resolved": "https://registry.npmjs.org/@jimp/plugin-mask/-/plugin-mask-0.5.4.tgz",
          "integrity": "sha512-mUJ04pCrUWaJGXPjgoVbzhIQB8cVobj2ZEFlGO3BEAjyylYMrdJlNlsER8dd7UuJ2L/a4ocWtFDdsnuicnBghQ==",
          "requires": {
            "@jimp/utils": "^0.5.0",
            "core-js": "^2.5.7"
          }
        },
        "@jimp/plugin-normalize": {
          "version": "0.5.4",
          "resolved": "https://registry.npmjs.org/@jimp/plugin-normalize/-/plugin-normalize-0.5.4.tgz",
          "integrity": "sha512-Q5W0oEz9wxsjuhvHAJynI/OqXZcmqEAuRONQId7Aw5ulCXSOg9C4y2a67EO7aZAt55T+zMVxI9UpVUpzVvO6hw==",
          "requires": {
            "@jimp/utils": "^0.5.0",
            "core-js": "^2.5.7"
          }
        },
        "@jimp/plugin-print": {
          "version": "0.5.4",
          "resolved": "https://registry.npmjs.org/@jimp/plugin-print/-/plugin-print-0.5.4.tgz",
          "integrity": "sha512-DOZr5TY9WyMWFBD37oz7KpTEBVioFIHQF/gH5b3O5jjFyj4JPMkw7k3kVBve9lIrzIYrvLqe0wH59vyAwpeEFg==",
          "requires": {
            "@jimp/utils": "^0.5.0",
            "core-js": "^2.5.7",
            "load-bmfont": "^1.4.0"
          }
        },
        "@jimp/plugin-resize": {
          "version": "0.5.4",
          "resolved": "https://registry.npmjs.org/@jimp/plugin-resize/-/plugin-resize-0.5.4.tgz",
          "integrity": "sha512-lXNprNAT0QY1D1vG/1x6urUTlWuZe2dfL29P81ApW2Yfcio471+oqo45moX5FLS0q24xU600g7cHGf2/TzqSfA==",
          "requires": {
            "@jimp/utils": "^0.5.0",
            "core-js": "^2.5.7"
          }
        },
        "@jimp/plugin-rotate": {
          "version": "0.5.4",
          "resolved": "https://registry.npmjs.org/@jimp/plugin-rotate/-/plugin-rotate-0.5.4.tgz",
          "integrity": "sha512-SIdUpMc8clObMchy8TnjgHgcXEQM992z5KavgiuOnCuBlsmSHtE3MrXTOyMW0Dn3gqapV9Y5vygrLm/BVtCCsg==",
          "requires": {
            "@jimp/utils": "^0.5.0",
            "core-js": "^2.5.7"
          }
        },
        "@jimp/plugin-scale": {
          "version": "0.5.0",
          "resolved": "https://registry.npmjs.org/@jimp/plugin-scale/-/plugin-scale-0.5.0.tgz",
          "integrity": "sha512-5InIOr3cNtrS5aQ/uaosNf28qLLc0InpNGKFmGFTv8oqZqLch6PtDTjDBZ1GGWsPdA/ljy4Qyy7mJO1QBmgQeQ==",
          "requires": {
            "@jimp/utils": "^0.5.0",
            "core-js": "^2.5.7"
          }
        },
        "@jimp/plugins": {
          "version": "0.5.5",
          "resolved": "https://registry.npmjs.org/@jimp/plugins/-/plugins-0.5.5.tgz",
          "integrity": "sha512-9oF6LbSM/K7YkFCcxaPaD8NUkL/ZY8vT8NIGfQ/NpX+tKQtcsLHcRavHpUC+M1xXShv/QGx9OdBV/jgiu82QYg==",
          "requires": {
            "@jimp/plugin-blit": "^0.5.4",
            "@jimp/plugin-blur": "^0.5.0",
            "@jimp/plugin-color": "^0.5.5",
            "@jimp/plugin-contain": "^0.5.4",
            "@jimp/plugin-cover": "^0.5.4",
            "@jimp/plugin-crop": "^0.5.4",
            "@jimp/plugin-displace": "^0.5.0",
            "@jimp/plugin-dither": "^0.5.0",
            "@jimp/plugin-flip": "^0.5.0",
            "@jimp/plugin-gaussian": "^0.5.0",
            "@jimp/plugin-invert": "^0.5.0",
            "@jimp/plugin-mask": "^0.5.4",
            "@jimp/plugin-normalize": "^0.5.4",
            "@jimp/plugin-print": "^0.5.4",
            "@jimp/plugin-resize": "^0.5.4",
            "@jimp/plugin-rotate": "^0.5.4",
            "@jimp/plugin-scale": "^0.5.0",
            "core-js": "^2.5.7",
            "timm": "^1.6.1"
          }
        },
        "@jimp/png": {
          "version": "0.5.4",
          "resolved": "https://registry.npmjs.org/@jimp/png/-/png-0.5.4.tgz",
          "integrity": "sha512-J2NU7368zihF1HUZdmpXsL/Hhyf+I3ubmK+6Uz3Uoyvtk1VS7dO3L0io6fJQutfWmPZ4bvu6Ry022oHjbi6QCA==",
          "requires": {
            "@jimp/utils": "^0.5.0",
            "core-js": "^2.5.7",
            "pngjs": "^3.3.3"
          }
        },
        "@jimp/tiff": {
          "version": "0.5.4",
          "resolved": "https://registry.npmjs.org/@jimp/tiff/-/tiff-0.5.4.tgz",
          "integrity": "sha512-hr7Zq3eWjAZ+itSwuAObIWMRNv7oHVM3xuEDC2ouP7HfE7woBtyhCyfA7u12KlgtM57gKWeogXqTlewRGVzx6g==",
          "requires": {
            "core-js": "^2.5.7",
            "utif": "^2.0.1"
          }
        },
        "@jimp/types": {
          "version": "0.5.4",
          "resolved": "https://registry.npmjs.org/@jimp/types/-/types-0.5.4.tgz",
          "integrity": "sha512-nbZXM6TsdpnYHIBd8ZuoxGpvmxc2SqiggY30/bhOP/VJQoDBzm2v/20Ywz5M0snpIK2SdYG52eZPNjfjqUP39w==",
          "requires": {
            "@jimp/bmp": "^0.5.4",
            "@jimp/gif": "^0.5.0",
            "@jimp/jpeg": "^0.5.4",
            "@jimp/png": "^0.5.4",
            "@jimp/tiff": "^0.5.4",
            "core-js": "^2.5.7",
            "timm": "^1.6.1"
          }
        },
        "@jimp/utils": {
          "version": "0.5.0",
          "resolved": "https://registry.npmjs.org/@jimp/utils/-/utils-0.5.0.tgz",
          "integrity": "sha512-7H9RFVU+Li2XmEko0GGyzy7m7JjSc7qa+m8l3fUzYg2GtwASApjKF/LSG2AUQCUmDKFLdfIEVjxvKvZUJFEmpw==",
          "requires": {
            "core-js": "^2.5.7"
          }
        },
        "jimp": {
          "version": "0.5.6",
          "resolved": "https://registry.npmjs.org/jimp/-/jimp-0.5.6.tgz",
          "integrity": "sha512-H0nHTu6KgAgQzDxa38ew2dXbnRzKm1w5uEyhMIxqwCQVjwgarOjjkV/avbNLxfxRHAFaNp4rGIc/qm8P+uhX9A==",
          "requires": {
            "@babel/polyfill": "^7.0.0",
            "@jimp/custom": "^0.5.4",
            "@jimp/plugins": "^0.5.5",
            "@jimp/types": "^0.5.4",
            "core-js": "^2.5.7"
          }
        }
      }
    },
    "object-inspect": {
      "version": "1.7.0",
      "resolved": "https://registry.npmjs.org/object-inspect/-/object-inspect-1.7.0.tgz",
      "integrity": "sha512-a7pEHdh1xKIAgTySUGgLMx/xwDZskN1Ud6egYYN3EdRW4ZMPNEDUTF+hwy2LUC+Bl+SyLXANnwz/jyh/qutKUw=="
    },
    "object-keys": {
      "version": "1.1.1",
      "resolved": "https://registry.npmjs.org/object-keys/-/object-keys-1.1.1.tgz",
      "integrity": "sha512-NuAESUOUMrlIXOfHKzD6bpPu3tYt3xvjNdRIQ+FeT0lNb4K8WR70CaDxhuNguS2XG+GjkyMwOzsN5ZktImfhLA=="
    },
    "object.getownpropertydescriptors": {
      "version": "2.0.3",
      "resolved": "https://registry.npmjs.org/object.getownpropertydescriptors/-/object.getownpropertydescriptors-2.0.3.tgz",
      "integrity": "sha1-h1jIRvW0B62rDyNuCYbxSwUcqhY=",
      "requires": {
        "define-properties": "^1.1.2",
        "es-abstract": "^1.5.1"
      }
    },
    "omggif": {
      "version": "1.0.10",
      "resolved": "https://registry.npmjs.org/omggif/-/omggif-1.0.10.tgz",
      "integrity": "sha512-LMJTtvgc/nugXj0Vcrrs68Mn2D1r0zf630VNtqtpI1FEO7e+O9FP4gqs9AcnBaSEeoHIPm28u6qgPR0oyEpGSw=="
    },
    "pako": {
      "version": "1.0.10",
      "resolved": "https://registry.npmjs.org/pako/-/pako-1.0.10.tgz",
      "integrity": "sha512-0DTvPVU3ed8+HNXOu5Bs+o//Mbdj9VNQMUOe9oKCwh8l0GNwpTDMKCWbRjgtD291AWnkAgkqA/LOnQS8AmS1tw=="
    },
    "parse-bmfont-ascii": {
      "version": "1.0.6",
      "resolved": "https://registry.npmjs.org/parse-bmfont-ascii/-/parse-bmfont-ascii-1.0.6.tgz",
      "integrity": "sha1-Eaw8P/WPfCAgqyJ2kHkQjU36AoU="
    },
    "parse-bmfont-binary": {
      "version": "1.0.6",
      "resolved": "https://registry.npmjs.org/parse-bmfont-binary/-/parse-bmfont-binary-1.0.6.tgz",
      "integrity": "sha1-0Di0dtPp3Z2x4RoLDlOiJ5K2kAY="
    },
    "parse-bmfont-xml": {
      "version": "1.1.4",
      "resolved": "https://registry.npmjs.org/parse-bmfont-xml/-/parse-bmfont-xml-1.1.4.tgz",
      "integrity": "sha512-bjnliEOmGv3y1aMEfREMBJ9tfL3WR0i0CKPj61DnSLaoxWR3nLrsQrEbCId/8rF4NyRF0cCqisSVXyQYWM+mCQ==",
      "requires": {
        "xml-parse-from-string": "^1.0.0",
        "xml2js": "^0.4.5"
      }
    },
    "parse-headers": {
      "version": "2.0.3",
      "resolved": "https://registry.npmjs.org/parse-headers/-/parse-headers-2.0.3.tgz",
      "integrity": "sha512-QhhZ+DCCit2Coi2vmAKbq5RGTRcQUOE2+REgv8vdyu7MnYx2eZztegqtTx99TZ86GTIwqiy3+4nQTWZ2tgmdCA=="
    },
    "phin": {
      "version": "2.9.3",
      "resolved": "https://registry.npmjs.org/phin/-/phin-2.9.3.tgz",
      "integrity": "sha512-CzFr90qM24ju5f88quFC/6qohjC144rehe5n6DH900lgXmUe86+xCKc10ev56gRKC4/BkHUoG4uSiQgBiIXwDA=="
    },
    "pixelmatch": {
      "version": "4.0.2",
      "resolved": "https://registry.npmjs.org/pixelmatch/-/pixelmatch-4.0.2.tgz",
      "integrity": "sha1-j0fc7FARtHe2fbA8JDvB8wheiFQ=",
      "requires": {
        "pngjs": "^3.0.0"
      }
    },
    "pngjs": {
      "version": "3.4.0",
      "resolved": "https://registry.npmjs.org/pngjs/-/pngjs-3.4.0.tgz",
      "integrity": "sha512-NCrCHhWmnQklfH4MtJMRjZ2a8c80qXeMlQMv2uVp9ISJMTt562SbGd6n2oq0PaPgKm7Z6pL9E2UlLIhC+SHL3w=="
    },
    "process": {
      "version": "0.5.2",
      "resolved": "https://registry.npmjs.org/process/-/process-0.5.2.tgz",
      "integrity": "sha1-FjjYqONML0QKkduVq5rrZ3/Bhc8="
    },
    "punycode": {
      "version": "1.3.2",
      "resolved": "https://registry.npmjs.org/punycode/-/punycode-1.3.2.tgz",
      "integrity": "sha1-llOgNvt8HuQjQvIyXM7v6jkmxI0="
    },
    "querystring": {
      "version": "0.2.0",
      "resolved": "https://registry.npmjs.org/querystring/-/querystring-0.2.0.tgz",
      "integrity": "sha1-sgmEkgO7Jd+CDadW50cAWHhSFiA="
    },
    "regenerator-runtime": {
      "version": "0.13.3",
      "resolved": "https://registry.npmjs.org/regenerator-runtime/-/regenerator-runtime-0.13.3.tgz",
      "integrity": "sha512-naKIZz2GQ8JWh///G7L3X6LaQUAMp2lvb1rvwwsURe/VXwD6VMfr+/1NuNw3ag8v2kY1aQ/go5SNn79O9JU7yw=="
    },
    "sax": {
      "version": "1.2.4",
      "resolved": "https://registry.npmjs.org/sax/-/sax-1.2.4.tgz",
      "integrity": "sha512-NqVDv9TpANUjFm0N8uM5GxL36UgKi9/atZw+x7YFnQ8ckwFGKrl4xX4yWtrey3UJm5nP1kUbnYgLopqWNSRhWw=="
    },
    "string.prototype.trimleft": {
      "version": "2.1.0",
      "resolved": "https://registry.npmjs.org/string.prototype.trimleft/-/string.prototype.trimleft-2.1.0.tgz",
      "integrity": "sha512-FJ6b7EgdKxxbDxc79cOlok6Afd++TTs5szo+zJTUyow3ycrRfJVE2pq3vcN53XexvKZu/DJMDfeI/qMiZTrjTw==",
      "requires": {
        "define-properties": "^1.1.3",
        "function-bind": "^1.1.1"
      }
    },
    "string.prototype.trimright": {
      "version": "2.1.0",
      "resolved": "https://registry.npmjs.org/string.prototype.trimright/-/string.prototype.trimright-2.1.0.tgz",
      "integrity": "sha512-fXZTSV55dNBwv16uw+hh5jkghxSnc5oHq+5K/gXgizHwAvMetdAJlHqqoFC1FSDVPYWLkAKl2cxpUT41sV7nSg==",
      "requires": {
        "define-properties": "^1.1.3",
        "function-bind": "^1.1.1"
      }
    },
    "timm": {
      "version": "1.6.2",
      "resolved": "https://registry.npmjs.org/timm/-/timm-1.6.2.tgz",
      "integrity": "sha512-IH3DYDL1wMUwmIlVmMrmesw5lZD6N+ZOAFWEyLrtpoL9Bcrs9u7M/vyOnHzDD2SMs4irLkVjqxZbHrXStS/Nmw=="
    },
    "tinycolor2": {
      "version": "1.4.1",
      "resolved": "https://registry.npmjs.org/tinycolor2/-/tinycolor2-1.4.1.tgz",
      "integrity": "sha1-9PrTM0R7wLB9TcjpIJ2POaisd+g="
    },
    "url": {
      "version": "0.11.0",
      "resolved": "https://registry.npmjs.org/url/-/url-0.11.0.tgz",
      "integrity": "sha1-ODjpfPxgUh63PFJajlW/3Z4uKPE=",
      "requires": {
        "punycode": "1.3.2",
        "querystring": "0.2.0"
      }
    },
    "utif": {
      "version": "2.0.1",
      "resolved": "https://registry.npmjs.org/utif/-/utif-2.0.1.tgz",
      "integrity": "sha512-Z/S1fNKCicQTf375lIP9G8Sa1H/phcysstNrrSdZKj1f9g58J4NMgb5IgiEZN9/nLMPDwF0W7hdOe9Qq2IYoLg==",
      "requires": {
        "pako": "^1.0.5"
      }
    },
    "util.promisify": {
      "version": "1.0.0",
      "resolved": "https://registry.npmjs.org/util.promisify/-/util.promisify-1.0.0.tgz",
      "integrity": "sha512-i+6qA2MPhvoKLuxnJNpXAGhg7HphQOSUq2LKMZD0m15EiskXUkMvKdF4Uui0WYeCUGea+o2cw/ZuwehtfsrNkA==",
      "requires": {
        "define-properties": "^1.1.2",
        "object.getownpropertydescriptors": "^2.0.3"
      }
    },
    "xhr": {
      "version": "2.5.0",
      "resolved": "https://registry.npmjs.org/xhr/-/xhr-2.5.0.tgz",
      "integrity": "sha512-4nlO/14t3BNUZRXIXfXe+3N6w3s1KoxcJUUURctd64BLRe67E4gRwp4PjywtDY72fXpZ1y6Ch0VZQRY/gMPzzQ==",
      "requires": {
        "global": "~4.3.0",
        "is-function": "^1.0.1",
        "parse-headers": "^2.0.0",
        "xtend": "^4.0.0"
      }
    },
    "xml-parse-from-string": {
      "version": "1.0.1",
      "resolved": "https://registry.npmjs.org/xml-parse-from-string/-/xml-parse-from-string-1.0.1.tgz",
      "integrity": "sha1-qQKekp09vN7RafPG4oI42VpdWig="
    },
    "xml2js": {
      "version": "0.4.22",
      "resolved": "https://registry.npmjs.org/xml2js/-/xml2js-0.4.22.tgz",
      "integrity": "sha512-MWTbxAQqclRSTnehWWe5nMKzI3VmJ8ltiJEco8akcC6j3miOhjjfzKum5sId+CWhfxdOs/1xauYr8/ZDBtQiRw==",
      "requires": {
        "sax": ">=0.6.0",
        "util.promisify": "~1.0.0",
        "xmlbuilder": "~11.0.0"
      }
    },
    "xmlbuilder": {
      "version": "11.0.1",
      "resolved": "https://registry.npmjs.org/xmlbuilder/-/xmlbuilder-11.0.1.tgz",
      "integrity": "sha512-fDlsI/kFEx7gLvbecc0/ohLG50fugQp8ryHzMTuW9vSa1GJ0XYWKnhsUx7oie3G98+r56aTQIUB4kht42R3JvA=="
    },
    "xtend": {
      "version": "4.0.2",
      "resolved": "https://registry.npmjs.org/xtend/-/xtend-4.0.2.tgz",
      "integrity": "sha512-LKYU1iAXJXUgAXn9URjiu+MWhyUXHsvfp7mcuYm9dSUKK0/CjtrUwFAxD82/mCWbtLsGjFIad0wIsod4zrTAEQ=="
    }
  }
}
